// !$*UTF8*$!
{
	archiveVersion = 1;
	classes = {
	};
	objectVersion = 46;
	objects = {

/* Begin PBXBuildFile section */
		AA288CD41C8B64120026A172 /* Localizable.strings in Resources */ = {isa = PBXBuildFile; fileRef = AA288CD61C8B64120026A172 /* Localizable.strings */; };
		AA4CB3A81CB1A09900FD442A /* GenericModel.swift in Sources */ = {isa = PBXBuildFile; fileRef = AA4CB3A71CB1A09900FD442A /* GenericModel.swift */; };
		AA6AD7B01C6B4BD90097CD9A /* AppDelegate.swift in Sources */ = {isa = PBXBuildFile; fileRef = AA6AD7AF1C6B4BD90097CD9A /* AppDelegate.swift */; };
		AA6AD7B21C6B4BD90097CD9A /* DetailedViewController.swift in Sources */ = {isa = PBXBuildFile; fileRef = AA6AD7B11C6B4BD90097CD9A /* DetailedViewController.swift */; };
		AA6AD7B41C6B4BD90097CD9A /* Assets.xcassets in Resources */ = {isa = PBXBuildFile; fileRef = AA6AD7B31C6B4BD90097CD9A /* Assets.xcassets */; };
		AA6AD7B71C6B4BD90097CD9A /* Main.storyboard in Resources */ = {isa = PBXBuildFile; fileRef = AA6AD7B51C6B4BD90097CD9A /* Main.storyboard */; };
		AA6AD7C21C6B4BD90097CD9A /* Version_DashboardTests.swift in Sources */ = {isa = PBXBuildFile; fileRef = AA6AD7C11C6B4BD90097CD9A /* Version_DashboardTests.swift */; };
		AA6AD7DE1C6B60230097CD9A /* SettingsViewController.swift in Sources */ = {isa = PBXBuildFile; fileRef = AA6AD7DC1C6B60230097CD9A /* SettingsViewController.swift */; };
		AA6AD7E21C6B73AC0097CD9A /* AddSystemViewController.swift in Sources */ = {isa = PBXBuildFile; fileRef = AA6AD7E01C6B73AC0097CD9A /* AddSystemViewController.swift */; };
		AA6AD7E51C6B75DC0097CD9A /* owncloud.tiff in Resources */ = {isa = PBXBuildFile; fileRef = AA6AD7E41C6B75DC0097CD9A /* owncloud.tiff */; };
		AA6AD7E71C6B75E50097CD9A /* piwik.tiff in Resources */ = {isa = PBXBuildFile; fileRef = AA6AD7E61C6B75E50097CD9A /* piwik.tiff */; };
		AA6AD7E91C6B75ED0097CD9A /* joomla.png in Resources */ = {isa = PBXBuildFile; fileRef = AA6AD7E81C6B75ED0097CD9A /* joomla.png */; };
		AA6AD7EE1C6B777B0097CD9A /* PiwikViewController.swift in Sources */ = {isa = PBXBuildFile; fileRef = AA6AD7EC1C6B777B0097CD9A /* PiwikViewController.swift */; };
		AA6AD7F11C6B779D0097CD9A /* OwncloudViewController.swift in Sources */ = {isa = PBXBuildFile; fileRef = AA6AD7F01C6B779D0097CD9A /* OwncloudViewController.swift */; };
		AA6AD7F31C6B77AE0097CD9A /* JoomlaViewController.swift in Sources */ = {isa = PBXBuildFile; fileRef = AA6AD7F21C6B77AE0097CD9A /* JoomlaViewController.swift */; };
		AA6AD7F51C6B77C00097CD9A /* WordpressViewController.swift in Sources */ = {isa = PBXBuildFile; fileRef = AA6AD7F41C6B77C00097CD9A /* WordpressViewController.swift */; };
		AA6AD7FA1C6B8F220097CD9A /* MyXMLParser.swift in Sources */ = {isa = PBXBuildFile; fileRef = AA6AD7F91C6B8F220097CD9A /* MyXMLParser.swift */; };
		AA6AD7FE1C6BC9210097CD9A /* PiwikModel.swift in Sources */ = {isa = PBXBuildFile; fileRef = AA6AD7FD1C6BC9210097CD9A /* PiwikModel.swift */; };
		AA6AD8001C6BC92F0097CD9A /* OwncloudModel.swift in Sources */ = {isa = PBXBuildFile; fileRef = AA6AD7FF1C6BC92F0097CD9A /* OwncloudModel.swift */; };
		AA6AD8021C6BC93B0097CD9A /* WordpressModel.swift in Sources */ = {isa = PBXBuildFile; fileRef = AA6AD8011C6BC93B0097CD9A /* WordpressModel.swift */; };
		AA6AD8041C6BC9450097CD9A /* JoomlaModel.swift in Sources */ = {isa = PBXBuildFile; fileRef = AA6AD8031C6BC9450097CD9A /* JoomlaModel.swift */; };
		AA6AD8081C6BCB800097CD9A /* GenericModelProtocol.swift in Sources */ = {isa = PBXBuildFile; fileRef = AA6AD8071C6BCB800097CD9A /* GenericModelProtocol.swift */; };
		AA6AD8121C6CDA890097CD9A /* constants.swift in Sources */ = {isa = PBXBuildFile; fileRef = AA6AD8111C6CDA890097CD9A /* constants.swift */; };
		AA6AD8141C6CE7B60097CD9A /* InstanceRepositories.swift in Sources */ = {isa = PBXBuildFile; fileRef = AA6AD8131C6CE7B60097CD9A /* InstanceRepositories.swift */; };
		AA6AD8511C7E397B0097CD9A /* badgeFunctions.swift in Sources */ = {isa = PBXBuildFile; fileRef = AA6AD8501C7E397B0097CD9A /* badgeFunctions.swift */; };
		AA7FB8441C88CEBD009FC40B /* PreferencesWindowController.swift in Sources */ = {isa = PBXBuildFile; fileRef = AA7FB8431C88CEBD009FC40B /* PreferencesWindowController.swift */; };
		AA7FB8461C88CEF1009FC40B /* PreferencesViewController.swift in Sources */ = {isa = PBXBuildFile; fileRef = AA7FB8451C88CEF1009FC40B /* PreferencesViewController.swift */; };
		AA7FB8481C88DE94009FC40B /* configuration.plist in Resources */ = {isa = PBXBuildFile; fileRef = AA7FB8471C88DE94009FC40B /* configuration.plist */; };
		AAA5631B1C81DFE700E1199A /* SummaryViewController.swift in Sources */ = {isa = PBXBuildFile; fileRef = AAA5631A1C81DFE700E1199A /* SummaryViewController.swift */; };
		AAA5631D1C81E01200E1199A /* MainWindow.swift in Sources */ = {isa = PBXBuildFile; fileRef = AAA5631C1C81E01200E1199A /* MainWindow.swift */; };
		AAA5631F1C81E09600E1199A /* Detailed view.png in Resources */ = {isa = PBXBuildFile; fileRef = AAA5631E1C81E09600E1199A /* Detailed view.png */; };
		AAA563211C81E0A000E1199A /* Summarize.png in Resources */ = {isa = PBXBuildFile; fileRef = AAA563201C81E0A000E1199A /* Summarize.png */; };
		AAA563231C821E6000E1199A /* SystemInstancesModel.swift in Sources */ = {isa = PBXBuildFile; fileRef = AAA563221C821E6000E1199A /* SystemInstancesModel.swift */; };
		AAA563251C83021F00E1199A /* Outdated item.png in Resources */ = {isa = PBXBuildFile; fileRef = AAA563241C83021F00E1199A /* Outdated item.png */; };
		AAA563271C8302A300E1199A /* OutdatedViewController.swift in Sources */ = {isa = PBXBuildFile; fileRef = AAA563261C8302A300E1199A /* OutdatedViewController.swift */; };
		AAA563291C83567300E1199A /* NotificationFunctions.swift in Sources */ = {isa = PBXBuildFile; fileRef = AAA563281C83567300E1199A /* NotificationFunctions.swift */; };
		AAA5632D1C83837A00E1199A /* InternetConnectivity.swift in Sources */ = {isa = PBXBuildFile; fileRef = AAA5632C1C83837A00E1199A /* InternetConnectivity.swift */; };
		AAADAF571E4C65570073B238 /* Charts.framework in Frameworks */ = {isa = PBXBuildFile; fileRef = AAADAF541E4C635B0073B238 /* Charts.framework */; };
		AAADAF581E4C65570073B238 /* Charts.framework in Embed Frameworks */ = {isa = PBXBuildFile; fileRef = AAADAF541E4C635B0073B238 /* Charts.framework */; settings = {ATTRIBUTES = (CodeSignOnCopy, RemoveHeadersOnCopy, ); }; };
		AAC787C01CB9752000068863 /* typo3.png in Resources */ = {isa = PBXBuildFile; fileRef = AAC787BF1CB9752000068863 /* typo3.png */; };
		AAEB2B2B1C9730B0001FD134 /* wordpress.png in Resources */ = {isa = PBXBuildFile; fileRef = AAEB2B2A1C9730B0001FD134 /* wordpress.png */; };
		AAEB2B341C97347A001FD134 /* joomla_dots.png in Resources */ = {isa = PBXBuildFile; fileRef = AAEB2B301C97347A001FD134 /* joomla_dots.png */; };
		AAEB2B351C97347A001FD134 /* owncloud_dots.png in Resources */ = {isa = PBXBuildFile; fileRef = AAEB2B311C97347A001FD134 /* owncloud_dots.png */; };
		AAEB2B361C97347A001FD134 /* piwik_dots.png in Resources */ = {isa = PBXBuildFile; fileRef = AAEB2B321C97347A001FD134 /* piwik_dots.png */; };
		AAEB2B371C97347A001FD134 /* wordpress_dots.png in Resources */ = {isa = PBXBuildFile; fileRef = AAEB2B331C97347A001FD134 /* wordpress_dots.png */; };
/* End PBXBuildFile section */

/* Begin PBXContainerItemProxy section */
		AA6AD7BE1C6B4BD90097CD9A /* PBXContainerItemProxy */ = {
			isa = PBXContainerItemProxy;
			containerPortal = AA6AD7A41C6B4BD90097CD9A /* Project object */;
			proxyType = 1;
			remoteGlobalIDString = AA6AD7AB1C6B4BD90097CD9A;
			remoteInfo = "Version Dashboard";
		};
		AA6AD7C91C6B4BD90097CD9A /* PBXContainerItemProxy */ = {
			isa = PBXContainerItemProxy;
			containerPortal = AA6AD7A41C6B4BD90097CD9A /* Project object */;
			proxyType = 1;
			remoteGlobalIDString = AA6AD7AB1C6B4BD90097CD9A;
			remoteInfo = "Version Dashboard";
		};
		AAADAF601E4C68070073B238 /* PBXContainerItemProxy */ = {
			isa = PBXContainerItemProxy;
			containerPortal = AAADAF5A1E4C68070073B238 /* Charts.xcodeproj */;
			proxyType = 2;
			remoteGlobalIDString = 06165F241D8110E600722320;
			remoteInfo = Charts;
		};
		AAADAF621E4C68070073B238 /* PBXContainerItemProxy */ = {
			isa = PBXContainerItemProxy;
			containerPortal = AAADAF5A1E4C68070073B238 /* Charts.xcodeproj */;
			proxyType = 2;
			remoteGlobalIDString = 06B120D51D811E6200D14B02;
			remoteInfo = ChartsRealm;
		};
		AAADAF641E4C68070073B238 /* PBXContainerItemProxy */ = {
			isa = PBXContainerItemProxy;
			containerPortal = AAADAF5A1E4C68070073B238 /* Charts.xcodeproj */;
			proxyType = 2;
			remoteGlobalIDString = 06165F2E1D8110E600722320;
			remoteInfo = ChartsTests;
		};
/* End PBXContainerItemProxy section */

/* Begin PBXCopyFilesBuildPhase section */
		AAADAF591E4C65570073B238 /* Embed Frameworks */ = {
			isa = PBXCopyFilesBuildPhase;
			buildActionMask = 2147483647;
			dstPath = "";
			dstSubfolderSpec = 10;
			files = (
				AAADAF581E4C65570073B238 /* Charts.framework in Embed Frameworks */,
			);
			name = "Embed Frameworks";
			runOnlyForDeploymentPostprocessing = 0;
		};
/* End PBXCopyFilesBuildPhase section */

/* Begin PBXFileReference section */
		AA288CCA1C8B0C300026A172 /* de */ = {isa = PBXFileReference; lastKnownFileType = text.plist.strings; name = de; path = de.lproj/Main.strings; sourceTree = "<group>"; };
		AA288CD51C8B64120026A172 /* Base */ = {isa = PBXFileReference; lastKnownFileType = text.plist.strings; name = Base; path = Base.lproj/Localizable.strings; sourceTree = "<group>"; };
		AA288CD71C8B641A0026A172 /* de */ = {isa = PBXFileReference; lastKnownFileType = text.plist.strings; name = de; path = de.lproj/Localizable.strings; sourceTree = "<group>"; };
		AA4CB3A71CB1A09900FD442A /* GenericModel.swift */ = {isa = PBXFileReference; fileEncoding = 4; lastKnownFileType = sourcecode.swift; path = GenericModel.swift; sourceTree = "<group>"; };
		AA6AD7AC1C6B4BD90097CD9A /* Version Dashboard.app */ = {isa = PBXFileReference; explicitFileType = wrapper.application; includeInIndex = 0; path = "Version Dashboard.app"; sourceTree = BUILT_PRODUCTS_DIR; };
		AA6AD7AF1C6B4BD90097CD9A /* AppDelegate.swift */ = {isa = PBXFileReference; lastKnownFileType = sourcecode.swift; path = AppDelegate.swift; sourceTree = "<group>"; };
		AA6AD7B11C6B4BD90097CD9A /* DetailedViewController.swift */ = {isa = PBXFileReference; lastKnownFileType = sourcecode.swift; path = DetailedViewController.swift; sourceTree = "<group>"; };
		AA6AD7B31C6B4BD90097CD9A /* Assets.xcassets */ = {isa = PBXFileReference; lastKnownFileType = folder.assetcatalog; path = Assets.xcassets; sourceTree = "<group>"; };
		AA6AD7B61C6B4BD90097CD9A /* Base */ = {isa = PBXFileReference; lastKnownFileType = file.storyboard; name = Base; path = Base.lproj/Main.storyboard; sourceTree = "<group>"; };
		AA6AD7B81C6B4BD90097CD9A /* Info.plist */ = {isa = PBXFileReference; lastKnownFileType = text.plist.xml; path = Info.plist; sourceTree = "<group>"; };
		AA6AD7BD1C6B4BD90097CD9A /* Version DashboardTests.xctest */ = {isa = PBXFileReference; explicitFileType = wrapper.cfbundle; includeInIndex = 0; path = "Version DashboardTests.xctest"; sourceTree = BUILT_PRODUCTS_DIR; };
		AA6AD7C11C6B4BD90097CD9A /* Version_DashboardTests.swift */ = {isa = PBXFileReference; lastKnownFileType = sourcecode.swift; path = Version_DashboardTests.swift; sourceTree = "<group>"; };
		AA6AD7C31C6B4BD90097CD9A /* Info.plist */ = {isa = PBXFileReference; lastKnownFileType = text.plist.xml; path = Info.plist; sourceTree = "<group>"; };
		AA6AD7C81C6B4BD90097CD9A /* Version DashboardUITests.xctest */ = {isa = PBXFileReference; explicitFileType = wrapper.cfbundle; includeInIndex = 0; path = "Version DashboardUITests.xctest"; sourceTree = BUILT_PRODUCTS_DIR; };
		AA6AD7CC1C6B4BD90097CD9A /* Version_DashboardUITests.swift */ = {isa = PBXFileReference; lastKnownFileType = sourcecode.swift; path = Version_DashboardUITests.swift; sourceTree = "<group>"; };
		AA6AD7CE1C6B4BD90097CD9A /* Info.plist */ = {isa = PBXFileReference; lastKnownFileType = text.plist.xml; path = Info.plist; sourceTree = "<group>"; };
		AA6AD7DC1C6B60230097CD9A /* SettingsViewController.swift */ = {isa = PBXFileReference; fileEncoding = 4; lastKnownFileType = sourcecode.swift; path = SettingsViewController.swift; sourceTree = "<group>"; };
		AA6AD7E01C6B73AC0097CD9A /* AddSystemViewController.swift */ = {isa = PBXFileReference; fileEncoding = 4; lastKnownFileType = sourcecode.swift; path = AddSystemViewController.swift; sourceTree = "<group>"; };
		AA6AD7E41C6B75DC0097CD9A /* owncloud.tiff */ = {isa = PBXFileReference; lastKnownFileType = image.tiff; path = owncloud.tiff; sourceTree = "<group>"; };
		AA6AD7E61C6B75E50097CD9A /* piwik.tiff */ = {isa = PBXFileReference; lastKnownFileType = image.tiff; path = piwik.tiff; sourceTree = "<group>"; };
		AA6AD7E81C6B75ED0097CD9A /* joomla.png */ = {isa = PBXFileReference; lastKnownFileType = image.png; path = joomla.png; sourceTree = "<group>"; };
		AA6AD7EC1C6B777B0097CD9A /* PiwikViewController.swift */ = {isa = PBXFileReference; fileEncoding = 4; lastKnownFileType = sourcecode.swift; path = PiwikViewController.swift; sourceTree = "<group>"; };
		AA6AD7F01C6B779D0097CD9A /* OwncloudViewController.swift */ = {isa = PBXFileReference; fileEncoding = 4; lastKnownFileType = sourcecode.swift; path = OwncloudViewController.swift; sourceTree = "<group>"; };
		AA6AD7F21C6B77AE0097CD9A /* JoomlaViewController.swift */ = {isa = PBXFileReference; fileEncoding = 4; lastKnownFileType = sourcecode.swift; path = JoomlaViewController.swift; sourceTree = "<group>"; };
		AA6AD7F41C6B77C00097CD9A /* WordpressViewController.swift */ = {isa = PBXFileReference; fileEncoding = 4; lastKnownFileType = sourcecode.swift; path = WordpressViewController.swift; sourceTree = "<group>"; };
		AA6AD7F91C6B8F220097CD9A /* MyXMLParser.swift */ = {isa = PBXFileReference; fileEncoding = 4; lastKnownFileType = sourcecode.swift; name = MyXMLParser.swift; path = "Version Dashboard/MyXMLParser.swift"; sourceTree = "<group>"; };
		AA6AD7FD1C6BC9210097CD9A /* PiwikModel.swift */ = {isa = PBXFileReference; fileEncoding = 4; lastKnownFileType = sourcecode.swift; path = PiwikModel.swift; sourceTree = "<group>"; };
		AA6AD7FF1C6BC92F0097CD9A /* OwncloudModel.swift */ = {isa = PBXFileReference; fileEncoding = 4; lastKnownFileType = sourcecode.swift; path = OwncloudModel.swift; sourceTree = "<group>"; };
		AA6AD8011C6BC93B0097CD9A /* WordpressModel.swift */ = {isa = PBXFileReference; fileEncoding = 4; lastKnownFileType = sourcecode.swift; path = WordpressModel.swift; sourceTree = "<group>"; };
		AA6AD8031C6BC9450097CD9A /* JoomlaModel.swift */ = {isa = PBXFileReference; fileEncoding = 4; lastKnownFileType = sourcecode.swift; path = JoomlaModel.swift; sourceTree = "<group>"; };
		AA6AD8071C6BCB800097CD9A /* GenericModelProtocol.swift */ = {isa = PBXFileReference; fileEncoding = 4; lastKnownFileType = sourcecode.swift; path = GenericModelProtocol.swift; sourceTree = "<group>"; };
		AA6AD8111C6CDA890097CD9A /* constants.swift */ = {isa = PBXFileReference; fileEncoding = 4; lastKnownFileType = sourcecode.swift; path = constants.swift; sourceTree = "<group>"; };
		AA6AD8131C6CE7B60097CD9A /* InstanceRepositories.swift */ = {isa = PBXFileReference; fileEncoding = 4; lastKnownFileType = sourcecode.swift; path = InstanceRepositories.swift; sourceTree = "<group>"; };
		AA6AD8501C7E397B0097CD9A /* badgeFunctions.swift */ = {isa = PBXFileReference; fileEncoding = 4; lastKnownFileType = sourcecode.swift; name = badgeFunctions.swift; path = "Version Dashboard/badgeFunctions.swift"; sourceTree = "<group>"; };
		AA7FB8431C88CEBD009FC40B /* PreferencesWindowController.swift */ = {isa = PBXFileReference; fileEncoding = 4; lastKnownFileType = sourcecode.swift; path = PreferencesWindowController.swift; sourceTree = "<group>"; };
		AA7FB8451C88CEF1009FC40B /* PreferencesViewController.swift */ = {isa = PBXFileReference; fileEncoding = 4; lastKnownFileType = sourcecode.swift; path = PreferencesViewController.swift; sourceTree = "<group>"; };
		AA7FB8471C88DE94009FC40B /* configuration.plist */ = {isa = PBXFileReference; fileEncoding = 4; lastKnownFileType = text.plist.xml; path = configuration.plist; sourceTree = "<group>"; };
		AAA5631A1C81DFE700E1199A /* SummaryViewController.swift */ = {isa = PBXFileReference; fileEncoding = 4; lastKnownFileType = sourcecode.swift; path = SummaryViewController.swift; sourceTree = "<group>"; };
		AAA5631C1C81E01200E1199A /* MainWindow.swift */ = {isa = PBXFileReference; fileEncoding = 4; lastKnownFileType = sourcecode.swift; path = MainWindow.swift; sourceTree = "<group>"; };
		AAA5631E1C81E09600E1199A /* Detailed view.png */ = {isa = PBXFileReference; lastKnownFileType = image.png; path = "Detailed view.png"; sourceTree = "<group>"; };
		AAA563201C81E0A000E1199A /* Summarize.png */ = {isa = PBXFileReference; lastKnownFileType = image.png; path = Summarize.png; sourceTree = "<group>"; };
		AAA563221C821E6000E1199A /* SystemInstancesModel.swift */ = {isa = PBXFileReference; fileEncoding = 4; lastKnownFileType = sourcecode.swift; path = SystemInstancesModel.swift; sourceTree = "<group>"; };
		AAA563241C83021F00E1199A /* Outdated item.png */ = {isa = PBXFileReference; lastKnownFileType = image.png; path = "Outdated item.png"; sourceTree = "<group>"; };
		AAA563261C8302A300E1199A /* OutdatedViewController.swift */ = {isa = PBXFileReference; fileEncoding = 4; lastKnownFileType = sourcecode.swift; path = OutdatedViewController.swift; sourceTree = "<group>"; };
		AAA563281C83567300E1199A /* NotificationFunctions.swift */ = {isa = PBXFileReference; fileEncoding = 4; lastKnownFileType = sourcecode.swift; name = NotificationFunctions.swift; path = "Version Dashboard/NotificationFunctions.swift"; sourceTree = "<group>"; };
		AAA5632C1C83837A00E1199A /* InternetConnectivity.swift */ = {isa = PBXFileReference; fileEncoding = 4; lastKnownFileType = sourcecode.swift; name = InternetConnectivity.swift; path = "Version Dashboard/InternetConnectivity.swift"; sourceTree = "<group>"; };
		AAADAF541E4C635B0073B238 /* Charts.framework */ = {isa = PBXFileReference; lastKnownFileType = wrapper.framework; path = Charts.framework; sourceTree = "<group>"; };
		AAADAF5A1E4C68070073B238 /* Charts.xcodeproj */ = {isa = PBXFileReference; lastKnownFileType = "wrapper.pb-project"; name = Charts.xcodeproj; path = ../../Charts/Charts.xcodeproj; sourceTree = "<group>"; };
		AAC787BF1CB9752000068863 /* typo3.png */ = {isa = PBXFileReference; lastKnownFileType = image.png; path = typo3.png; sourceTree = "<group>"; };
		AAEB2B2A1C9730B0001FD134 /* wordpress.png */ = {isa = PBXFileReference; lastKnownFileType = image.png; path = wordpress.png; sourceTree = "<group>"; };
		AAEB2B301C97347A001FD134 /* joomla_dots.png */ = {isa = PBXFileReference; lastKnownFileType = image.png; path = joomla_dots.png; sourceTree = "<group>"; };
		AAEB2B311C97347A001FD134 /* owncloud_dots.png */ = {isa = PBXFileReference; lastKnownFileType = image.png; path = owncloud_dots.png; sourceTree = "<group>"; };
		AAEB2B321C97347A001FD134 /* piwik_dots.png */ = {isa = PBXFileReference; lastKnownFileType = image.png; path = piwik_dots.png; sourceTree = "<group>"; };
		AAEB2B331C97347A001FD134 /* wordpress_dots.png */ = {isa = PBXFileReference; lastKnownFileType = image.png; path = wordpress_dots.png; sourceTree = "<group>"; };
/* End PBXFileReference section */

/* Begin PBXFrameworksBuildPhase section */
		AA6AD7A91C6B4BD90097CD9A /* Frameworks */ = {
			isa = PBXFrameworksBuildPhase;
			buildActionMask = 2147483647;
			files = (
				AAADAF571E4C65570073B238 /* Charts.framework in Frameworks */,
			);
			runOnlyForDeploymentPostprocessing = 0;
		};
		AA6AD7BA1C6B4BD90097CD9A /* Frameworks */ = {
			isa = PBXFrameworksBuildPhase;
			buildActionMask = 2147483647;
			files = (
			);
			runOnlyForDeploymentPostprocessing = 0;
		};
		AA6AD7C51C6B4BD90097CD9A /* Frameworks */ = {
			isa = PBXFrameworksBuildPhase;
			buildActionMask = 2147483647;
			files = (
			);
			runOnlyForDeploymentPostprocessing = 0;
		};
/* End PBXFrameworksBuildPhase section */

/* Begin PBXGroup section */
		AA288CD21C8B62490026A172 /* Helper */ = {
			isa = PBXGroup;
			children = (
				AA6AD7F91C6B8F220097CD9A /* MyXMLParser.swift */,
				AA6AD8501C7E397B0097CD9A /* badgeFunctions.swift */,
				AAA563281C83567300E1199A /* NotificationFunctions.swift */,
				AAA5632C1C83837A00E1199A /* InternetConnectivity.swift */,
			);
			name = Helper;
			path = ..;
			sourceTree = "<group>";
		};
		AA6AD7A31C6B4BD90097CD9A = {
			isa = PBXGroup;
			children = (
				AA6AD7AE1C6B4BD90097CD9A /* Version Dashboard */,
				AA6AD7C01C6B4BD90097CD9A /* Version DashboardTests */,
				AA6AD7CB1C6B4BD90097CD9A /* Version DashboardUITests */,
				AA6AD7AD1C6B4BD90097CD9A /* Products */,
				AAADAF531E4C635B0073B238 /* Frameworks */,
			);
			sourceTree = "<group>";
		};
		AA6AD7AD1C6B4BD90097CD9A /* Products */ = {
			isa = PBXGroup;
			children = (
				AA6AD7AC1C6B4BD90097CD9A /* Version Dashboard.app */,
				AA6AD7BD1C6B4BD90097CD9A /* Version DashboardTests.xctest */,
				AA6AD7C81C6B4BD90097CD9A /* Version DashboardUITests.xctest */,
			);
			name = Products;
			sourceTree = "<group>";
		};
		AA6AD7AE1C6B4BD90097CD9A /* Version Dashboard */ = {
			isa = PBXGroup;
			children = (
				AAADAF5A1E4C68070073B238 /* Charts.xcodeproj */,
				AA6AD7F81C6B81190097CD9A /* Images */,
				AA6AD7B31C6B4BD90097CD9A /* Assets.xcassets */,
				AA6AD7B81C6B4BD90097CD9A /* Info.plist */,
				AA7FB8471C88DE94009FC40B /* configuration.plist */,
				AA6AD7B51C6B4BD90097CD9A /* Main.storyboard */,
				AA288CD61C8B64120026A172 /* Localizable.strings */,
				AA6AD8061C6BC9550097CD9A /* Controllers */,
				AA6AD8051C6BC94A0097CD9A /* Models */,
				AA288CD21C8B62490026A172 /* Helper */,
				AA6AD7AF1C6B4BD90097CD9A /* AppDelegate.swift */,
				AA6AD8111C6CDA890097CD9A /* constants.swift */,
			);
			path = "Version Dashboard";
			sourceTree = "<group>";
		};
		AA6AD7C01C6B4BD90097CD9A /* Version DashboardTests */ = {
			isa = PBXGroup;
			children = (
				AA6AD7C11C6B4BD90097CD9A /* Version_DashboardTests.swift */,
				AA6AD7C31C6B4BD90097CD9A /* Info.plist */,
			);
			path = "Version DashboardTests";
			sourceTree = "<group>";
		};
		AA6AD7CB1C6B4BD90097CD9A /* Version DashboardUITests */ = {
			isa = PBXGroup;
			children = (
				AA6AD7CC1C6B4BD90097CD9A /* Version_DashboardUITests.swift */,
				AA6AD7CE1C6B4BD90097CD9A /* Info.plist */,
			);
			path = "Version DashboardUITests";
			sourceTree = "<group>";
		};
		AA6AD7F81C6B81190097CD9A /* Images */ = {
			isa = PBXGroup;
			children = (
				AAC787BF1CB9752000068863 /* typo3.png */,
				AAEB2B301C97347A001FD134 /* joomla_dots.png */,
				AAEB2B311C97347A001FD134 /* owncloud_dots.png */,
				AAEB2B321C97347A001FD134 /* piwik_dots.png */,
				AAEB2B331C97347A001FD134 /* wordpress_dots.png */,
				AAEB2B2A1C9730B0001FD134 /* wordpress.png */,
				AAA563241C83021F00E1199A /* Outdated item.png */,
				AAA5631E1C81E09600E1199A /* Detailed view.png */,
				AAA563201C81E0A000E1199A /* Summarize.png */,
				AA6AD7E41C6B75DC0097CD9A /* owncloud.tiff */,
				AA6AD7E61C6B75E50097CD9A /* piwik.tiff */,
				AA6AD7E81C6B75ED0097CD9A /* joomla.png */,
			);
			name = Images;
			path = ..;
			sourceTree = "<group>";
		};
		AA6AD8051C6BC94A0097CD9A /* Models */ = {
			isa = PBXGroup;
			children = (
				AA6AD7FF1C6BC92F0097CD9A /* OwncloudModel.swift */,
				AA6AD8011C6BC93B0097CD9A /* WordpressModel.swift */,
				AA6AD8031C6BC9450097CD9A /* JoomlaModel.swift */,
				AA6AD7FD1C6BC9210097CD9A /* PiwikModel.swift */,
				AA6AD8071C6BCB800097CD9A /* GenericModelProtocol.swift */,
				AA4CB3A71CB1A09900FD442A /* GenericModel.swift */,
				AA6AD8131C6CE7B60097CD9A /* InstanceRepositories.swift */,
				AAA563221C821E6000E1199A /* SystemInstancesModel.swift */,
			);
			name = Models;
			sourceTree = "<group>";
		};
		AA6AD8061C6BC9550097CD9A /* Controllers */ = {
			isa = PBXGroup;
			children = (
				AAA5631C1C81E01200E1199A /* MainWindow.swift */,
				AAA5631A1C81DFE700E1199A /* SummaryViewController.swift */,
				AA6AD7B11C6B4BD90097CD9A /* DetailedViewController.swift */,
				AAA563261C8302A300E1199A /* OutdatedViewController.swift */,
				AA6AD7E01C6B73AC0097CD9A /* AddSystemViewController.swift */,
				AA6AD7DC1C6B60230097CD9A /* SettingsViewController.swift */,
				AA6AD7EC1C6B777B0097CD9A /* PiwikViewController.swift */,
				AA6AD7F01C6B779D0097CD9A /* OwncloudViewController.swift */,
				AA6AD7F21C6B77AE0097CD9A /* JoomlaViewController.swift */,
				AA6AD7F41C6B77C00097CD9A /* WordpressViewController.swift */,
				AA7FB8431C88CEBD009FC40B /* PreferencesWindowController.swift */,
				AA7FB8451C88CEF1009FC40B /* PreferencesViewController.swift */,
			);
			name = Controllers;
			sourceTree = "<group>";
		};
		AAADAF531E4C635B0073B238 /* Frameworks */ = {
			isa = PBXGroup;
			children = (
				AAADAF541E4C635B0073B238 /* Charts.framework */,
			);
			name = Frameworks;
			sourceTree = "<group>";
		};
		AAADAF5B1E4C68070073B238 /* Products */ = {
			isa = PBXGroup;
			children = (
				AAADAF611E4C68070073B238 /* Charts.framework */,
				AAADAF631E4C68070073B238 /* ChartsRealm.framework */,
				AAADAF651E4C68070073B238 /* ChartsTests.xctest */,
			);
			name = Products;
			sourceTree = "<group>";
		};
/* End PBXGroup section */

/* Begin PBXNativeTarget section */
		AA6AD7AB1C6B4BD90097CD9A /* Version Dashboard */ = {
			isa = PBXNativeTarget;
			buildConfigurationList = AA6AD7D11C6B4BD90097CD9A /* Build configuration list for PBXNativeTarget "Version Dashboard" */;
			buildPhases = (
				AA6AD7A81C6B4BD90097CD9A /* Sources */,
				AA6AD7A91C6B4BD90097CD9A /* Frameworks */,
				AA6AD7AA1C6B4BD90097CD9A /* Resources */,
				AAADAF591E4C65570073B238 /* Embed Frameworks */,
			);
			buildRules = (
			);
			dependencies = (
			);
			name = "Version Dashboard";
			productName = "Version Dashboard";
			productReference = AA6AD7AC1C6B4BD90097CD9A /* Version Dashboard.app */;
			productType = "com.apple.product-type.application";
		};
		AA6AD7BC1C6B4BD90097CD9A /* Version DashboardTests */ = {
			isa = PBXNativeTarget;
			buildConfigurationList = AA6AD7D41C6B4BD90097CD9A /* Build configuration list for PBXNativeTarget "Version DashboardTests" */;
			buildPhases = (
				AA6AD7B91C6B4BD90097CD9A /* Sources */,
				AA6AD7BA1C6B4BD90097CD9A /* Frameworks */,
				AA6AD7BB1C6B4BD90097CD9A /* Resources */,
			);
			buildRules = (
			);
			dependencies = (
				AA6AD7BF1C6B4BD90097CD9A /* PBXTargetDependency */,
			);
			name = "Version DashboardTests";
			productName = "Version DashboardTests";
			productReference = AA6AD7BD1C6B4BD90097CD9A /* Version DashboardTests.xctest */;
			productType = "com.apple.product-type.bundle.unit-test";
		};
		AA6AD7C71C6B4BD90097CD9A /* Version DashboardUITests */ = {
			isa = PBXNativeTarget;
			buildConfigurationList = AA6AD7D71C6B4BD90097CD9A /* Build configuration list for PBXNativeTarget "Version DashboardUITests" */;
			buildPhases = (
				AA6AD7C41C6B4BD90097CD9A /* Sources */,
				AA6AD7C51C6B4BD90097CD9A /* Frameworks */,
				AA6AD7C61C6B4BD90097CD9A /* Resources */,
			);
			buildRules = (
			);
			dependencies = (
				AA6AD7CA1C6B4BD90097CD9A /* PBXTargetDependency */,
			);
			name = "Version DashboardUITests";
			productName = "Version DashboardUITests";
			productReference = AA6AD7C81C6B4BD90097CD9A /* Version DashboardUITests.xctest */;
			productType = "com.apple.product-type.bundle.ui-testing";
		};
/* End PBXNativeTarget section */

/* Begin PBXProject section */
		AA6AD7A41C6B4BD90097CD9A /* Project object */ = {
			isa = PBXProject;
			attributes = {
				LastSwiftUpdateCheck = 0720;
				LastUpgradeCheck = 0800;
				ORGANIZATIONNAME = NonameCompany;
				TargetAttributes = {
					AA6AD7AB1C6B4BD90097CD9A = {
						CreatedOnToolsVersion = 7.2.1;
						LastSwiftMigration = 0800;
					};
					AA6AD7BC1C6B4BD90097CD9A = {
						CreatedOnToolsVersion = 7.2.1;
						LastSwiftMigration = 0800;
						TestTargetID = AA6AD7AB1C6B4BD90097CD9A;
					};
					AA6AD7C71C6B4BD90097CD9A = {
						CreatedOnToolsVersion = 7.2.1;
						TestTargetID = AA6AD7AB1C6B4BD90097CD9A;
					};
				};
			};
			buildConfigurationList = AA6AD7A71C6B4BD90097CD9A /* Build configuration list for PBXProject "Version Dashboard" */;
			compatibilityVersion = "Xcode 3.2";
			developmentRegion = English;
			hasScannedForEncodings = 0;
			knownRegions = (
				en,
				Base,
				de,
			);
			mainGroup = AA6AD7A31C6B4BD90097CD9A;
			productRefGroup = AA6AD7AD1C6B4BD90097CD9A /* Products */;
			projectDirPath = "";
			projectReferences = (
				{
					ProductGroup = AAADAF5B1E4C68070073B238 /* Products */;
					ProjectRef = AAADAF5A1E4C68070073B238 /* Charts.xcodeproj */;
				},
			);
			projectRoot = "";
			targets = (
				AA6AD7AB1C6B4BD90097CD9A /* Version Dashboard */,
				AA6AD7BC1C6B4BD90097CD9A /* Version DashboardTests */,
				AA6AD7C71C6B4BD90097CD9A /* Version DashboardUITests */,
			);
		};
/* End PBXProject section */

/* Begin PBXReferenceProxy section */
		AAADAF611E4C68070073B238 /* Charts.framework */ = {
			isa = PBXReferenceProxy;
			fileType = wrapper.framework;
			path = Charts.framework;
			remoteRef = AAADAF601E4C68070073B238 /* PBXContainerItemProxy */;
			sourceTree = BUILT_PRODUCTS_DIR;
		};
		AAADAF631E4C68070073B238 /* ChartsRealm.framework */ = {
			isa = PBXReferenceProxy;
			fileType = wrapper.framework;
			path = ChartsRealm.framework;
			remoteRef = AAADAF621E4C68070073B238 /* PBXContainerItemProxy */;
			sourceTree = BUILT_PRODUCTS_DIR;
		};
		AAADAF651E4C68070073B238 /* ChartsTests.xctest */ = {
			isa = PBXReferenceProxy;
			fileType = wrapper.cfbundle;
			path = ChartsTests.xctest;
			remoteRef = AAADAF641E4C68070073B238 /* PBXContainerItemProxy */;
			sourceTree = BUILT_PRODUCTS_DIR;
		};
/* End PBXReferenceProxy section */

/* Begin PBXResourcesBuildPhase section */
		AA6AD7AA1C6B4BD90097CD9A /* Resources */ = {
			isa = PBXResourcesBuildPhase;
			buildActionMask = 2147483647;
			files = (
				AA288CD41C8B64120026A172 /* Localizable.strings in Resources */,
				AAEB2B351C97347A001FD134 /* owncloud_dots.png in Resources */,
				AAA563251C83021F00E1199A /* Outdated item.png in Resources */,
				AAA563211C81E0A000E1199A /* Summarize.png in Resources */,
				AA6AD7E51C6B75DC0097CD9A /* owncloud.tiff in Resources */,
				AA7FB8481C88DE94009FC40B /* configuration.plist in Resources */,
				AAEB2B2B1C9730B0001FD134 /* wordpress.png in Resources */,
				AA6AD7E71C6B75E50097CD9A /* piwik.tiff in Resources */,
				AAA5631F1C81E09600E1199A /* Detailed view.png in Resources */,
				AA6AD7B41C6B4BD90097CD9A /* Assets.xcassets in Resources */,
				AAEB2B371C97347A001FD134 /* wordpress_dots.png in Resources */,
				AAC787C01CB9752000068863 /* typo3.png in Resources */,
				AA6AD7B71C6B4BD90097CD9A /* Main.storyboard in Resources */,
				AA6AD7E91C6B75ED0097CD9A /* joomla.png in Resources */,
				AAEB2B361C97347A001FD134 /* piwik_dots.png in Resources */,
				AAEB2B341C97347A001FD134 /* joomla_dots.png in Resources */,
			);
			runOnlyForDeploymentPostprocessing = 0;
		};
		AA6AD7BB1C6B4BD90097CD9A /* Resources */ = {
			isa = PBXResourcesBuildPhase;
			buildActionMask = 2147483647;
			files = (
			);
			runOnlyForDeploymentPostprocessing = 0;
		};
		AA6AD7C61C6B4BD90097CD9A /* Resources */ = {
			isa = PBXResourcesBuildPhase;
			buildActionMask = 2147483647;
			files = (
			);
			runOnlyForDeploymentPostprocessing = 0;
		};
/* End PBXResourcesBuildPhase section */

/* Begin PBXSourcesBuildPhase section */
		AA6AD7A81C6B4BD90097CD9A /* Sources */ = {
			isa = PBXSourcesBuildPhase;
			buildActionMask = 2147483647;
			files = (
				AA7FB8461C88CEF1009FC40B /* PreferencesViewController.swift in Sources */,
				AA6AD7F51C6B77C00097CD9A /* WordpressViewController.swift in Sources */,
				AA6AD8021C6BC93B0097CD9A /* WordpressModel.swift in Sources */,
				AA6AD7B21C6B4BD90097CD9A /* DetailedViewController.swift in Sources */,
				AAA563231C821E6000E1199A /* SystemInstancesModel.swift in Sources */,
				AA6AD8081C6BCB800097CD9A /* GenericModelProtocol.swift in Sources */,
				AAA5632D1C83837A00E1199A /* InternetConnectivity.swift in Sources */,
				AA7FB8441C88CEBD009FC40B /* PreferencesWindowController.swift in Sources */,
				AA6AD7FA1C6B8F220097CD9A /* MyXMLParser.swift in Sources */,
				AA6AD8511C7E397B0097CD9A /* badgeFunctions.swift in Sources */,
				AA6AD7F11C6B779D0097CD9A /* OwncloudViewController.swift in Sources */,
				AA6AD7FE1C6BC9210097CD9A /* PiwikModel.swift in Sources */,
				AA6AD7E21C6B73AC0097CD9A /* AddSystemViewController.swift in Sources */,
				AAA563291C83567300E1199A /* NotificationFunctions.swift in Sources */,
				AA6AD8141C6CE7B60097CD9A /* InstanceRepositories.swift in Sources */,
				AAA5631D1C81E01200E1199A /* MainWindow.swift in Sources */,
				AA6AD8121C6CDA890097CD9A /* constants.swift in Sources */,
				AA4CB3A81CB1A09900FD442A /* GenericModel.swift in Sources */,
				AA6AD7B01C6B4BD90097CD9A /* AppDelegate.swift in Sources */,
				AA6AD7EE1C6B777B0097CD9A /* PiwikViewController.swift in Sources */,
				AAA563271C8302A300E1199A /* OutdatedViewController.swift in Sources */,
				AA6AD8001C6BC92F0097CD9A /* OwncloudModel.swift in Sources */,
				AA6AD7DE1C6B60230097CD9A /* SettingsViewController.swift in Sources */,
				AA6AD8041C6BC9450097CD9A /* JoomlaModel.swift in Sources */,
				AA6AD7F31C6B77AE0097CD9A /* JoomlaViewController.swift in Sources */,
				AAA5631B1C81DFE700E1199A /* SummaryViewController.swift in Sources */,
			);
			runOnlyForDeploymentPostprocessing = 0;
		};
		AA6AD7B91C6B4BD90097CD9A /* Sources */ = {
			isa = PBXSourcesBuildPhase;
			buildActionMask = 2147483647;
			files = (
				AA6AD7C21C6B4BD90097CD9A /* Version_DashboardTests.swift in Sources */,
			);
			runOnlyForDeploymentPostprocessing = 0;
		};
		AA6AD7C41C6B4BD90097CD9A /* Sources */ = {
			isa = PBXSourcesBuildPhase;
			buildActionMask = 2147483647;
			files = (
			);
			runOnlyForDeploymentPostprocessing = 0;
		};
/* End PBXSourcesBuildPhase section */

/* Begin PBXTargetDependency section */
		AA6AD7BF1C6B4BD90097CD9A /* PBXTargetDependency */ = {
			isa = PBXTargetDependency;
			target = AA6AD7AB1C6B4BD90097CD9A /* Version Dashboard */;
			targetProxy = AA6AD7BE1C6B4BD90097CD9A /* PBXContainerItemProxy */;
		};
		AA6AD7CA1C6B4BD90097CD9A /* PBXTargetDependency */ = {
			isa = PBXTargetDependency;
			target = AA6AD7AB1C6B4BD90097CD9A /* Version Dashboard */;
			targetProxy = AA6AD7C91C6B4BD90097CD9A /* PBXContainerItemProxy */;
		};
/* End PBXTargetDependency section */

/* Begin PBXVariantGroup section */
		AA288CD61C8B64120026A172 /* Localizable.strings */ = {
			isa = PBXVariantGroup;
			children = (
				AA288CD51C8B64120026A172 /* Base */,
				AA288CD71C8B641A0026A172 /* de */,
			);
			name = Localizable.strings;
			sourceTree = "<group>";
		};
		AA6AD7B51C6B4BD90097CD9A /* Main.storyboard */ = {
			isa = PBXVariantGroup;
			children = (
				AA6AD7B61C6B4BD90097CD9A /* Base */,
				AA288CCA1C8B0C300026A172 /* de */,
			);
			name = Main.storyboard;
			sourceTree = "<group>";
		};
/* End PBXVariantGroup section */

/* Begin XCBuildConfiguration section */
		AA6AD7CF1C6B4BD90097CD9A /* Debug */ = {
			isa = XCBuildConfiguration;
			buildSettings = {
				ALWAYS_EMBED_SWIFT_STANDARD_LIBRARIES = YES;
				ALWAYS_SEARCH_USER_PATHS = NO;
				CLANG_ANALYZER_LOCALIZABILITY_NONLOCALIZED = YES;
				CLANG_CXX_LANGUAGE_STANDARD = "gnu++0x";
				CLANG_CXX_LIBRARY = "libc++";
				CLANG_ENABLE_MODULES = YES;
				CLANG_ENABLE_OBJC_ARC = YES;
				CLANG_WARN_BOOL_CONVERSION = YES;
				CLANG_WARN_CONSTANT_CONVERSION = YES;
				CLANG_WARN_DIRECT_OBJC_ISA_USAGE = YES_ERROR;
				CLANG_WARN_EMPTY_BODY = YES;
				CLANG_WARN_ENUM_CONVERSION = YES;
				CLANG_WARN_INFINITE_RECURSION = YES;
				CLANG_WARN_INT_CONVERSION = YES;
				CLANG_WARN_OBJC_ROOT_CLASS = YES_ERROR;
				CLANG_WARN_SUSPICIOUS_MOVE = YES;
				CLANG_WARN_UNREACHABLE_CODE = YES;
				CLANG_WARN__DUPLICATE_METHOD_MATCH = YES;
				CODE_SIGN_IDENTITY = "-";
				COPY_PHASE_STRIP = NO;
				DEBUG_INFORMATION_FORMAT = dwarf;
				ENABLE_STRICT_OBJC_MSGSEND = YES;
				ENABLE_TESTABILITY = YES;
				GCC_C_LANGUAGE_STANDARD = gnu99;
				GCC_DYNAMIC_NO_PIC = NO;
				GCC_NO_COMMON_BLOCKS = YES;
				GCC_OPTIMIZATION_LEVEL = 0;
				GCC_PREPROCESSOR_DEFINITIONS = (
					"DEBUG=1",
					"$(inherited)",
				);
				GCC_WARN_64_TO_32_BIT_CONVERSION = YES;
				GCC_WARN_ABOUT_RETURN_TYPE = YES_ERROR;
				GCC_WARN_UNDECLARED_SELECTOR = YES;
				GCC_WARN_UNINITIALIZED_AUTOS = YES_AGGRESSIVE;
				GCC_WARN_UNUSED_FUNCTION = YES;
				GCC_WARN_UNUSED_VARIABLE = YES;
				MACOSX_DEPLOYMENT_TARGET = 10.12;
				MTL_ENABLE_DEBUG_INFO = YES;
				ONLY_ACTIVE_ARCH = YES;
				SDKROOT = macosx;
				SWIFT_OPTIMIZATION_LEVEL = "-Onone";
			};
			name = Debug;
		};
		AA6AD7D01C6B4BD90097CD9A /* Release */ = {
			isa = XCBuildConfiguration;
			buildSettings = {
				ALWAYS_EMBED_SWIFT_STANDARD_LIBRARIES = YES;
				ALWAYS_SEARCH_USER_PATHS = NO;
				CLANG_ANALYZER_LOCALIZABILITY_NONLOCALIZED = YES;
				CLANG_CXX_LANGUAGE_STANDARD = "gnu++0x";
				CLANG_CXX_LIBRARY = "libc++";
				CLANG_ENABLE_MODULES = YES;
				CLANG_ENABLE_OBJC_ARC = YES;
				CLANG_WARN_BOOL_CONVERSION = YES;
				CLANG_WARN_CONSTANT_CONVERSION = YES;
				CLANG_WARN_DIRECT_OBJC_ISA_USAGE = YES_ERROR;
				CLANG_WARN_EMPTY_BODY = YES;
				CLANG_WARN_ENUM_CONVERSION = YES;
				CLANG_WARN_INFINITE_RECURSION = YES;
				CLANG_WARN_INT_CONVERSION = YES;
				CLANG_WARN_OBJC_ROOT_CLASS = YES_ERROR;
				CLANG_WARN_SUSPICIOUS_MOVE = YES;
				CLANG_WARN_UNREACHABLE_CODE = YES;
				CLANG_WARN__DUPLICATE_METHOD_MATCH = YES;
				CODE_SIGN_IDENTITY = "-";
				COPY_PHASE_STRIP = NO;
				DEBUG_INFORMATION_FORMAT = "dwarf-with-dsym";
				ENABLE_NS_ASSERTIONS = NO;
				ENABLE_STRICT_OBJC_MSGSEND = YES;
				GCC_C_LANGUAGE_STANDARD = gnu99;
				GCC_NO_COMMON_BLOCKS = YES;
				GCC_WARN_64_TO_32_BIT_CONVERSION = YES;
				GCC_WARN_ABOUT_RETURN_TYPE = YES_ERROR;
				GCC_WARN_UNDECLARED_SELECTOR = YES;
				GCC_WARN_UNINITIALIZED_AUTOS = YES_AGGRESSIVE;
				GCC_WARN_UNUSED_FUNCTION = YES;
				GCC_WARN_UNUSED_VARIABLE = YES;
				MACOSX_DEPLOYMENT_TARGET = 10.12;
				MTL_ENABLE_DEBUG_INFO = NO;
				SDKROOT = macosx;
				SWIFT_OPTIMIZATION_LEVEL = "-Owholemodule";
			};
			name = Release;
		};
		AA6AD7D21C6B4BD90097CD9A /* Debug */ = {
			isa = XCBuildConfiguration;
			buildSettings = {
				ASSETCATALOG_COMPILER_APPICON_NAME = AppIcon;
				COMBINE_HIDPI_IMAGES = YES;
				FRAMEWORK_SEARCH_PATHS = (
					"$(inherited)",
					"$(PROJECT_DIR)",
				);
				INFOPLIST_FILE = "Version Dashboard/Info.plist";
				LD_RUNPATH_SEARCH_PATHS = "$(inherited) @executable_path/../Frameworks";
				PRODUCT_BUNDLE_IDENTIFIER = com.versiondashboard.VersionDashboardApp;
				PRODUCT_NAME = "$(TARGET_NAME)";
				SWIFT_VERSION = 3.0;
			};
			name = Debug;
		};
		AA6AD7D31C6B4BD90097CD9A /* Release */ = {
			isa = XCBuildConfiguration;
			buildSettings = {
				ASSETCATALOG_COMPILER_APPICON_NAME = AppIcon;
				COMBINE_HIDPI_IMAGES = YES;
				FRAMEWORK_SEARCH_PATHS = (
					"$(inherited)",
					"$(PROJECT_DIR)",
				);
				INFOPLIST_FILE = "Version Dashboard/Info.plist";
				LD_RUNPATH_SEARCH_PATHS = "$(inherited) @executable_path/../Frameworks";
				PRODUCT_BUNDLE_IDENTIFIER = com.versiondashboard.VersionDashboardApp;
				PRODUCT_NAME = "$(TARGET_NAME)";
				SWIFT_VERSION = 3.0;
			};
			name = Release;
		};
		AA6AD7D51C6B4BD90097CD9A /* Debug */ = {
			isa = XCBuildConfiguration;
			buildSettings = {
				BUNDLE_LOADER = "$(TEST_HOST)";
				COMBINE_HIDPI_IMAGES = YES;
				INFOPLIST_FILE = "Version DashboardTests/Info.plist";
				LD_RUNPATH_SEARCH_PATHS = "$(inherited) @executable_path/../Frameworks @loader_path/../Frameworks";
				PRODUCT_BUNDLE_IDENTIFIER = "com.nonamecompany.Version-DashboardTests";
				PRODUCT_NAME = "$(TARGET_NAME)";
				SWIFT_VERSION = 3.0;
				TEST_HOST = "$(BUILT_PRODUCTS_DIR)/Version Dashboard.app/Contents/MacOS/Version Dashboard";
			};
			name = Debug;
		};
		AA6AD7D61C6B4BD90097CD9A /* Release */ = {
			isa = XCBuildConfiguration;
			buildSettings = {
				BUNDLE_LOADER = "$(TEST_HOST)";
				COMBINE_HIDPI_IMAGES = YES;
				INFOPLIST_FILE = "Version DashboardTests/Info.plist";
				LD_RUNPATH_SEARCH_PATHS = "$(inherited) @executable_path/../Frameworks @loader_path/../Frameworks";
				PRODUCT_BUNDLE_IDENTIFIER = "com.nonamecompany.Version-DashboardTests";
				PRODUCT_NAME = "$(TARGET_NAME)";
				SWIFT_VERSION = 3.0;
				TEST_HOST = "$(BUILT_PRODUCTS_DIR)/Version Dashboard.app/Contents/MacOS/Version Dashboard";
			};
			name = Release;
		};
		AA6AD7D81C6B4BD90097CD9A /* Debug */ = {
			isa = XCBuildConfiguration;
			buildSettings = {
				COMBINE_HIDPI_IMAGES = YES;
				INFOPLIST_FILE = "Version DashboardUITests/Info.plist";
				LD_RUNPATH_SEARCH_PATHS = "$(inherited) @executable_path/../Frameworks @loader_path/../Frameworks";
				PRODUCT_BUNDLE_IDENTIFIER = "com.nonamecompany.Version-DashboardUITests";
				PRODUCT_NAME = "$(TARGET_NAME)";
				TEST_TARGET_NAME = "Version Dashboard";
				USES_XCTRUNNER = YES;
			};
			name = Debug;
		};
		AA6AD7D91C6B4BD90097CD9A /* Release */ = {
			isa = XCBuildConfiguration;
			buildSettings = {
				COMBINE_HIDPI_IMAGES = YES;
				INFOPLIST_FILE = "Version DashboardUITests/Info.plist";
				LD_RUNPATH_SEARCH_PATHS = "$(inherited) @executable_path/../Frameworks @loader_path/../Frameworks";
				PRODUCT_BUNDLE_IDENTIFIER = "com.nonamecompany.Version-DashboardUITests";
				PRODUCT_NAME = "$(TARGET_NAME)";
				TEST_TARGET_NAME = "Version Dashboard";
				USES_XCTRUNNER = YES;
			};
			name = Release;
		};
/* End XCBuildConfiguration section */

/* Begin XCConfigurationList section */
		AA6AD7A71C6B4BD90097CD9A /* Build configuration list for PBXProject "Version Dashboard" */ = {
			isa = XCConfigurationList;
			buildConfigurations = (
				AA6AD7CF1C6B4BD90097CD9A /* Debug */,
				AA6AD7D01C6B4BD90097CD9A /* Release */,
			);
			defaultConfigurationIsVisible = 0;
			defaultConfigurationName = Release;
		};
		AA6AD7D11C6B4BD90097CD9A /* Build configuration list for PBXNativeTarget "Version Dashboard" */ = {
			isa = XCConfigurationList;
			buildConfigurations = (
				AA6AD7D21C6B4BD90097CD9A /* Debug */,
				AA6AD7D31C6B4BD90097CD9A /* Release */,
			);
			defaultConfigurationIsVisible = 0;
			defaultConfigurationName = Release;
		};
		AA6AD7D41C6B4BD90097CD9A /* Build configuration list for PBXNativeTarget "Version DashboardTests" */ = {
			isa = XCConfigurationList;
			buildConfigurations = (
				AA6AD7D51C6B4BD90097CD9A /* Debug */,
				AA6AD7D61C6B4BD90097CD9A /* Release */,
			);
			defaultConfigurationIsVisible = 0;
			defaultConfigurationName = Release;
		};
		AA6AD7D71C6B4BD90097CD9A /* Build configuration list for PBXNativeTarget "Version DashboardUITests" */ = {
			isa = XCConfigurationList;
			buildConfigurations = (
				AA6AD7D81C6B4BD90097CD9A /* Debug */,
				AA6AD7D91C6B4BD90097CD9A /* Release */,
			);
			defaultConfigurationIsVisible = 0;
			defaultConfigurationName = Release;
		};
/* End XCConfigurationList section */
	};
	rootObject = AA6AD7A41C6B4BD90097CD9A /* Project object */;
}
